{
    "name": "category-module",
    "lockfileVersion": 2,
    "requires": true,
    "packages": {
        "": {
            "name": "category-module",
            "devDependencies": {
                "jstree": "^3.3.9"
            }
        },
        "node_modules/jquery": {
            "version": "3.2.1",
            "resolved": "https://registry.npmjs.org/jquery/-/jquery-3.2.1.tgz",
            "integrity": "sha1-XE2d5lKvbNCncBVKYxu6ErAVx4c=",
            "dev": true
        },
        "node_modules/jstree": {
            "version": "3.3.9",
            "resolved": "https://registry.npmjs.org/jstree/-/jstree-3.3.9.tgz",
            "integrity": "sha512-jRIbhg+BHrIs1Wm6oiJt3oKTVBE6sWS0PCp2/RlkIUqsLUPWUYgV3q8LfKoi1/E+YMzGtP6BuK4okk+0mwfmhQ==",
            "dev": true,
            "dependencies": {
                "jquery": ">=1.9.1"
            }
        }
    },
    "dependencies": {
        "jquery": {
            "version": "3.2.1",
            "resolved": "https://registry.npmjs.org/jquery/-/jquery-3.2.1.tgz",
            "integrity": "sha1-XE2d5lKvbNCncBVKYxu6ErAVx4c=",
            "dev": true
        },
        "jstree": {
            "version": "3.3.9",
            "resolved": "https://registry.npmjs.org/jstree/-/jstree-3.3.9.tgz",
            "integrity": "sha512-jRIbhg+BHrIs1Wm6oiJt3oKTVBE6sWS0PCp2/RlkIUqsLUPWUYgV3q8LfKoi1/E+YMzGtP6BuK4okk+0mwfmhQ==",
            "dev": true,
            "requires": {
                "jquery": ">=1.9.1"
            }
        }
    }
}
