# THIS IS AN AUTOGENERATED FILE. DO NOT EDIT THIS FILE DIRECTLY.
# yarn lockfile v1


"jquery@>=1.9.1":
  "integrity" "sha1-XE2d5lKvbNCncBVKYxu6ErAVx4c="
  "resolved" "https://registry.npmjs.org/jquery/-/jquery-3.2.1.tgz"
  "version" "3.2.1"

"jstree@^3.3.9":
  "integrity" "sha512-jRIbhg+BHrIs1Wm6oiJt3oKTVBE6sWS0PCp2/RlkIUqsLUPWUYgV3q8LfKoi1/E+YMzGtP6BuK4okk+0mwfmhQ=="
  "resolved" "https://registry.npmjs.org/jstree/-/jstree-3.3.9.tgz"
  "version" "3.3.9"
  dependencies:
    "jquery" ">=1.9.1"
