# THIS IS AN AUTOGENERATED FILE. DO NOT EDIT THIS FILE DIRECTLY.
# yarn lockfile v1


jquery@>=1.9.1:
  version "3.6.0"
  resolved "https://registry.yarnpkg.com/jquery/-/jquery-3.6.0.tgz#c72a09f15c1bdce142f49dbf1170bdf8adac2470"
  integrity sha512-JVzAR/AjBvVt2BmYhxRCSYysDsPcssdmTFnzyLEts9qNwmjmu4JTAMYubEfwVOSwpQ1I1sKKFcxhZCI2buerfw==

jstree@^3.3.9:
  version "3.3.11"
  resolved "https://registry.yarnpkg.com/jstree/-/jstree-3.3.11.tgz#da2f12bcab6af61839586c81db46e8f2e19160aa"
  integrity sha512-9ZJKroPjCyjb6JLPuAbBrLJKT6pS1f4m5gkwoEagG5oQWtvzm0IiDsntXTxeFtz7AmqrKfij+gLfF9MgWriNxg==
  dependencies:
    jquery ">=1.9.1"
